
Microsoft Visual Studio Solution File, Format Version 12.00
# Visual Studio Version 17
VisualStudioVersion = 17.14.36327.8 d17.14
MinimumVisualStudioVersion = 10.0.40219.1
Project("{FAE04EC0-301F-11D3-BF4B-00C04F79EFBC}") = "PrivateServerClient.WinForm", "PrivateServerClient.WinForm\PrivateServerClient.WinForm.csproj", "{24F3642F-F56A-448F-B937-32354EB6B02A}"
EndProject
Project("{FAE04EC0-301F-11D3-BF4B-00C04F79EFBC}") = "PrivateServerClient.Core", "PrivateServerClientWinForm.Core\PrivateServerClient.Core.csproj", "{DC8D31FB-6126-4602-BF5D-593F037D02CA}"
EndProject
Global
	GlobalSection(SolutionConfigurationPlatforms) = preSolution
		Debug|Any CPU = Debug|Any CPU
		Release|Any CPU = Release|Any CPU
	EndGlobalSection
	GlobalSection(ProjectConfigurationPlatforms) = postSolution
		{24F3642F-F56A-448F-B937-32354EB6B02A}.Debug|Any CPU.ActiveCfg = Debug|Any CPU
		{24F3642F-F56A-448F-B937-32354EB6B02A}.Debug|Any CPU.Build.0 = Debug|Any CPU
		{24F3642F-F56A-448F-B937-32354EB6B02A}.Release|Any CPU.ActiveCfg = Release|Any CPU
		{24F3642F-F56A-448F-B937-32354EB6B02A}.Release|Any CPU.Build.0 = Release|Any CPU
		{DC8D31FB-6126-4602-BF5D-593F037D02CA}.Debug|Any CPU.ActiveCfg = Debug|Any CPU
		{DC8D31FB-6126-4602-BF5D-593F037D02CA}.Debug|Any CPU.Build.0 = Debug|Any CPU
		{DC8D31FB-6126-4602-BF5D-593F037D02CA}.Release|Any CPU.ActiveCfg = Release|Any CPU
		{DC8D31FB-6126-4602-BF5D-593F037D02CA}.Release|Any CPU.Build.0 = Release|Any CPU
	EndGlobalSection
	GlobalSection(SolutionProperties) = preSolution
		HideSolutionNode = FALSE
	EndGlobalSection
	GlobalSection(ExtensibilityGlobals) = postSolution
		SolutionGuid = {DBC5F65E-02B9-4393-A716-4F3D92A1ED7B}
	EndGlobalSection
EndGlobal
